// !$*UTF8*$!
{
	archiveVersion = 1;
	classes = {
	};
	objectVersion = 56;
	objects = {

/* Begin PBXBuildFile section */
		32624DDA2BD9978500A4A197 /* AppDelegate.swift in Sources */ = {isa = PBXBuildFile; fileRef = 32624DD92BD9978500A4A197 /* AppDelegate.swift */; };
		32624DDC2BD9978500A4A197 /* SceneDelegate.swift in Sources */ = {isa = PBXBuildFile; fileRef = 32624DDB2BD9978500A4A197 /* SceneDelegate.swift */; };
		32624DDE2BD9978500A4A197 /* MoviesListViewController.swift in Sources */ = {isa = PBXBuildFile; fileRef = 32624DDD2BD9978500A4A197 /* MoviesListViewController.swift */; };
		32624DE12BD9978500A4A197 /* Base in Resources */ = {isa = PBXBuildFile; fileRef = 32624DE02BD9978500A4A197 /* Base */; };
		32624DE32BD9978600A4A197 /* Assets.xcassets in Resources */ = {isa = PBXBuildFile; fileRef = 32624DE22BD9978600A4A197 /* Assets.xcassets */; };
		32624DE62BD9978600A4A197 /* Base in Resources */ = {isa = PBXBuildFile; fileRef = 32624DE52BD9978600A4A197 /* Base */; };
		32624DF12BD9978600A4A197 /* MoviesTests.swift in Sources */ = {isa = PBXBuildFile; fileRef = 32624DF02BD9978600A4A197 /* MoviesTests.swift */; };
		32624DFB2BD9978600A4A197 /* MoviesUITests.swift in Sources */ = {isa = PBXBuildFile; fileRef = 32624DFA2BD9978600A4A197 /* MoviesUITests.swift */; };
		32624DFD2BD9978600A4A197 /* MoviesUITestsLaunchTests.swift in Sources */ = {isa = PBXBuildFile; fileRef = 32624DFC2BD9978600A4A197 /* MoviesUITestsLaunchTests.swift */; };
		32624E132BD9996900A4A197 /* SF-Pro-Rounded-Ultralight.otf in Resources */ = {isa = PBXBuildFile; fileRef = 32624E0A2BD9996800A4A197 /* SF-Pro-Rounded-Ultralight.otf */; };
		32624E142BD9996900A4A197 /* SF-Pro-Rounded-Heavy.otf in Resources */ = {isa = PBXBuildFile; fileRef = 32624E0B2BD9996900A4A197 /* SF-Pro-Rounded-Heavy.otf */; };
		32624E152BD9996900A4A197 /* SF-Pro-Rounded-Semibold.otf in Resources */ = {isa = PBXBuildFile; fileRef = 32624E0C2BD9996900A4A197 /* SF-Pro-Rounded-Semibold.otf */; };
		32624E162BD9996900A4A197 /* SF-Pro-Rounded-Bold.otf in Resources */ = {isa = PBXBuildFile; fileRef = 32624E0D2BD9996900A4A197 /* SF-Pro-Rounded-Bold.otf */; };
		32624E172BD9996900A4A197 /* SF-Pro-Rounded-Black.otf in Resources */ = {isa = PBXBuildFile; fileRef = 32624E0E2BD9996900A4A197 /* SF-Pro-Rounded-Black.otf */; };
		32624E182BD9996900A4A197 /* SF-Pro-Rounded-Light.otf in Resources */ = {isa = PBXBuildFile; fileRef = 32624E0F2BD9996900A4A197 /* SF-Pro-Rounded-Light.otf */; };
		32624E192BD9996900A4A197 /* SF-Pro-Rounded-Thin.otf in Resources */ = {isa = PBXBuildFile; fileRef = 32624E102BD9996900A4A197 /* SF-Pro-Rounded-Thin.otf */; };
		32624E1A2BD9996900A4A197 /* SF-Pro-Rounded-Medium.otf in Resources */ = {isa = PBXBuildFile; fileRef = 32624E112BD9996900A4A197 /* SF-Pro-Rounded-Medium.otf */; };
		32624E1B2BD9996900A4A197 /* SF-Pro-Rounded-Regular.otf in Resources */ = {isa = PBXBuildFile; fileRef = 32624E122BD9996900A4A197 /* SF-Pro-Rounded-Regular.otf */; };
		32624E1F2BD9AE7600A4A197 /* ThemeFont.swift in Sources */ = {isa = PBXBuildFile; fileRef = 32624E1E2BD9AE7600A4A197 /* ThemeFont.swift */; };
		32624E232BD9B38A00A4A197 /* Theme.swift in Sources */ = {isa = PBXBuildFile; fileRef = 32624E222BD9B38900A4A197 /* Theme.swift */; };
		32624E272BD9B5EB00A4A197 /* RemoteDataSourceProvider.swift in Sources */ = {isa = PBXBuildFile; fileRef = 32624E262BD9B5EB00A4A197 /* RemoteDataSourceProvider.swift */; };
		32624E2A2BD9B60400A4A197 /* HTTPClient.swift in Sources */ = {isa = PBXBuildFile; fileRef = 32624E292BD9B60400A4A197 /* HTTPClient.swift */; };
		32624E2D2BD9B61100A4A197 /* API.swift in Sources */ = {isa = PBXBuildFile; fileRef = 32624E2C2BD9B61100A4A197 /* API.swift */; };
		32624E302BD9B82D00A4A197 /* MoviesAPI.swift in Sources */ = {isa = PBXBuildFile; fileRef = 32624E2F2BD9B82D00A4A197 /* MoviesAPI.swift */; };
		32624E332BD9B9AC00A4A197 /* RequestError.swift in Sources */ = {isa = PBXBuildFile; fileRef = 32624E322BD9B9AC00A4A197 /* RequestError.swift */; };
		32624E352BD9BAB500A4A197 /* RemoteDataSource.swift in Sources */ = {isa = PBXBuildFile; fileRef = 32624E342BD9BAB500A4A197 /* RemoteDataSource.swift */; };
		32624E382BD9BD4800A4A197 /* Page.swift in Sources */ = {isa = PBXBuildFile; fileRef = 32624E372BD9BD4800A4A197 /* Page.swift */; };
		32624E3B2BD9BD6B00A4A197 /* Movie.swift in Sources */ = {isa = PBXBuildFile; fileRef = 32624E3A2BD9BD6B00A4A197 /* Movie.swift */; };
		32624E3F2BD9BE1B00A4A197 /* RepositoryProvider.swift in Sources */ = {isa = PBXBuildFile; fileRef = 32624E3E2BD9BE1B00A4A197 /* RepositoryProvider.swift */; };
		32624E412BD9BE3700A4A197 /* MovieRepository.swift in Sources */ = {isa = PBXBuildFile; fileRef = 32624E402BD9BE3700A4A197 /* MovieRepository.swift */; };
		32624E462BD9BF2500A4A197 /* MoviesListViewModel.swift in Sources */ = {isa = PBXBuildFile; fileRef = 32624E452BD9BF2500A4A197 /* MoviesListViewModel.swift */; };
		32624E4B2BD9D2B900A4A197 /* LocalizationStrings.swift in Sources */ = {isa = PBXBuildFile; fileRef = 32624E4A2BD9D2B900A4A197 /* LocalizationStrings.swift */; };
		32624E4D2BD9D2EB00A4A197 /* Localizable.xcstrings in Resources */ = {isa = PBXBuildFile; fileRef = 32624E4C2BD9D2EB00A4A197 /* Localizable.xcstrings */; };
		32644E282BDAB79A000B1A0C /* DropShadowImageView.swift in Sources */ = {isa = PBXBuildFile; fileRef = 32644E272BDAB79A000B1A0C /* DropShadowImageView.swift */; };
		32644E2A2BDAB7B2000B1A0C /* DropShadowView.swift in Sources */ = {isa = PBXBuildFile; fileRef = 32644E292BDAB7B2000B1A0C /* DropShadowView.swift */; };
		32644E2D2BDAB7E2000B1A0C /* MovieDetailViewController.swift in Sources */ = {isa = PBXBuildFile; fileRef = 32644E2C2BDAB7E2000B1A0C /* MovieDetailViewController.swift */; };
		32644E2F2BDAB7F9000B1A0C /* CustomCollectionViewListCell.swift in Sources */ = {isa = PBXBuildFile; fileRef = 32644E2E2BDAB7F9000B1A0C /* CustomCollectionViewListCell.swift */; };
		32644E312BDAB81A000B1A0C /* MovieCell.swift in Sources */ = {isa = PBXBuildFile; fileRef = 32644E302BDAB81A000B1A0C /* MovieCell.swift */; };
		32644E342BDAB867000B1A0C /* UIImageView+Extension.swift in Sources */ = {isa = PBXBuildFile; fileRef = 32644E332BDAB867000B1A0C /* UIImageView+Extension.swift */; };
		329427742BE029D300A05B82 /* URLImageView.swift in Sources */ = {isa = PBXBuildFile; fileRef = 329427732BE029D300A05B82 /* URLImageView.swift */; };
		32BFD7F32BDAC480009A2A8E /* MovieDetailViewModel.swift in Sources */ = {isa = PBXBuildFile; fileRef = 32BFD7F22BDAC480009A2A8E /* MovieDetailViewModel.swift */; };
		32BFD7F52BDAC707009A2A8E /* RatingView.swift in Sources */ = {isa = PBXBuildFile; fileRef = 32BFD7F42BDAC707009A2A8E /* RatingView.swift */; };
/* End PBXBuildFile section */

/* Begin PBXContainerItemProxy section */
		32624DED2BD9978600A4A197 /* PBXContainerItemProxy */ = {
			isa = PBXContainerItemProxy;
			containerPortal = 32624DCE2BD9978500A4A197 /* Project object */;
			proxyType = 1;
			remoteGlobalIDString = 32624DD52BD9978500A4A197;
			remoteInfo = Movies;
		};
		32624DF72BD9978600A4A197 /* PBXContainerItemProxy */ = {
			isa = PBXContainerItemProxy;
			containerPortal = 32624DCE2BD9978500A4A197 /* Project object */;
			proxyType = 1;
			remoteGlobalIDString = 32624DD52BD9978500A4A197;
			remoteInfo = Movies;
		};
/* End PBXContainerItemProxy section */

/* Begin PBXFileReference section */
		32624DD62BD9978500A4A197 /* Movies.app */ = {isa = PBXFileReference; explicitFileType = wrapper.application; includeInIndex = 0; path = Movies.app; sourceTree = BUILT_PRODUCTS_DIR; };
		32624DD92BD9978500A4A197 /* AppDelegate.swift */ = {isa = PBXFileReference; lastKnownFileType = sourcecode.swift; path = AppDelegate.swift; sourceTree = "<group>"; };
		32624DDB2BD9978500A4A197 /* SceneDelegate.swift */ = {isa = PBXFileReference; lastKnownFileType = sourcecode.swift; path = SceneDelegate.swift; sourceTree = "<group>"; };
		32624DDD2BD9978500A4A197 /* MoviesListViewController.swift */ = {isa = PBXFileReference; lastKnownFileType = sourcecode.swift; path = MoviesListViewController.swift; sourceTree = "<group>"; };
		32624DE02BD9978500A4A197 /* Base */ = {isa = PBXFileReference; lastKnownFileType = file.storyboard; name = Base; path = Base.lproj/Main.storyboard; sourceTree = "<group>"; };
		32624DE22BD9978600A4A197 /* Assets.xcassets */ = {isa = PBXFileReference; lastKnownFileType = folder.assetcatalog; path = Assets.xcassets; sourceTree = "<group>"; };
		32624DE52BD9978600A4A197 /* Base */ = {isa = PBXFileReference; lastKnownFileType = file.storyboard; name = Base; path = Base.lproj/LaunchScreen.storyboard; sourceTree = "<group>"; };
		32624DE72BD9978600A4A197 /* Info.plist */ = {isa = PBXFileReference; lastKnownFileType = text.plist.xml; path = Info.plist; sourceTree = "<group>"; };
		32624DEC2BD9978600A4A197 /* MoviesTests.xctest */ = {isa = PBXFileReference; explicitFileType = wrapper.cfbundle; includeInIndex = 0; path = MoviesTests.xctest; sourceTree = BUILT_PRODUCTS_DIR; };
		32624DF02BD9978600A4A197 /* MoviesTests.swift */ = {isa = PBXFileReference; lastKnownFileType = sourcecode.swift; path = MoviesTests.swift; sourceTree = "<group>"; };
		32624DF62BD9978600A4A197 /* MoviesUITests.xctest */ = {isa = PBXFileReference; explicitFileType = wrapper.cfbundle; includeInIndex = 0; path = MoviesUITests.xctest; sourceTree = BUILT_PRODUCTS_DIR; };
		32624DFA2BD9978600A4A197 /* MoviesUITests.swift */ = {isa = PBXFileReference; lastKnownFileType = sourcecode.swift; path = MoviesUITests.swift; sourceTree = "<group>"; };
		32624DFC2BD9978600A4A197 /* MoviesUITestsLaunchTests.swift */ = {isa = PBXFileReference; lastKnownFileType = sourcecode.swift; path = MoviesUITestsLaunchTests.swift; sourceTree = "<group>"; };
		32624E0A2BD9996800A4A197 /* SF-Pro-Rounded-Ultralight.otf */ = {isa = PBXFileReference; lastKnownFileType = file; path = "SF-Pro-Rounded-Ultralight.otf"; sourceTree = "<group>"; };
		32624E0B2BD9996900A4A197 /* SF-Pro-Rounded-Heavy.otf */ = {isa = PBXFileReference; lastKnownFileType = file; path = "SF-Pro-Rounded-Heavy.otf"; sourceTree = "<group>"; };
		32624E0C2BD9996900A4A197 /* SF-Pro-Rounded-Semibold.otf */ = {isa = PBXFileReference; lastKnownFileType = file; path = "SF-Pro-Rounded-Semibold.otf"; sourceTree = "<group>"; };
		32624E0D2BD9996900A4A197 /* SF-Pro-Rounded-Bold.otf */ = {isa = PBXFileReference; lastKnownFileType = file; path = "SF-Pro-Rounded-Bold.otf"; sourceTree = "<group>"; };
		32624E0E2BD9996900A4A197 /* SF-Pro-Rounded-Black.otf */ = {isa = PBXFileReference; lastKnownFileType = file; path = "SF-Pro-Rounded-Black.otf"; sourceTree = "<group>"; };
		32624E0F2BD9996900A4A197 /* SF-Pro-Rounded-Light.otf */ = {isa = PBXFileReference; lastKnownFileType = file; path = "SF-Pro-Rounded-Light.otf"; sourceTree = "<group>"; };
		32624E102BD9996900A4A197 /* SF-Pro-Rounded-Thin.otf */ = {isa = PBXFileReference; lastKnownFileType = file; path = "SF-Pro-Rounded-Thin.otf"; sourceTree = "<group>"; };
		32624E112BD9996900A4A197 /* SF-Pro-Rounded-Medium.otf */ = {isa = PBXFileReference; lastKnownFileType = file; path = "SF-Pro-Rounded-Medium.otf"; sourceTree = "<group>"; };
		32624E122BD9996900A4A197 /* SF-Pro-Rounded-Regular.otf */ = {isa = PBXFileReference; lastKnownFileType = file; path = "SF-Pro-Rounded-Regular.otf"; sourceTree = "<group>"; };
		32624E1E2BD9AE7600A4A197 /* ThemeFont.swift */ = {isa = PBXFileReference; lastKnownFileType = sourcecode.swift; path = ThemeFont.swift; sourceTree = "<group>"; };
		32624E222BD9B38900A4A197 /* Theme.swift */ = {isa = PBXFileReference; lastKnownFileType = sourcecode.swift; path = Theme.swift; sourceTree = "<group>"; };
		32624E262BD9B5EB00A4A197 /* RemoteDataSourceProvider.swift */ = {isa = PBXFileReference; lastKnownFileType = sourcecode.swift; path = RemoteDataSourceProvider.swift; sourceTree = "<group>"; };
		32624E292BD9B60400A4A197 /* HTTPClient.swift */ = {isa = PBXFileReference; lastKnownFileType = sourcecode.swift; path = HTTPClient.swift; sourceTree = "<group>"; };
		32624E2C2BD9B61100A4A197 /* API.swift */ = {isa = PBXFileReference; lastKnownFileType = sourcecode.swift; path = API.swift; sourceTree = "<group>"; };
		32624E2F2BD9B82D00A4A197 /* MoviesAPI.swift */ = {isa = PBXFileReference; lastKnownFileType = sourcecode.swift; path = MoviesAPI.swift; sourceTree = "<group>"; };
		32624E322BD9B9AC00A4A197 /* RequestError.swift */ = {isa = PBXFileReference; lastKnownFileType = sourcecode.swift; path = RequestError.swift; sourceTree = "<group>"; };
		32624E342BD9BAB500A4A197 /* RemoteDataSource.swift */ = {isa = PBXFileReference; lastKnownFileType = sourcecode.swift; path = RemoteDataSource.swift; sourceTree = "<group>"; };
		32624E372BD9BD4800A4A197 /* Page.swift */ = {isa = PBXFileReference; lastKnownFileType = sourcecode.swift; path = Page.swift; sourceTree = "<group>"; };
		32624E3A2BD9BD6B00A4A197 /* Movie.swift */ = {isa = PBXFileReference; lastKnownFileType = sourcecode.swift; path = Movie.swift; sourceTree = "<group>"; };
		32624E3E2BD9BE1B00A4A197 /* RepositoryProvider.swift */ = {isa = PBXFileReference; lastKnownFileType = sourcecode.swift; path = RepositoryProvider.swift; sourceTree = "<group>"; };
		32624E402BD9BE3700A4A197 /* MovieRepository.swift */ = {isa = PBXFileReference; lastKnownFileType = sourcecode.swift; path = MovieRepository.swift; sourceTree = "<group>"; };
		32624E452BD9BF2500A4A197 /* MoviesListViewModel.swift */ = {isa = PBXFileReference; lastKnownFileType = sourcecode.swift; path = MoviesListViewModel.swift; sourceTree = "<group>"; };
		32624E4A2BD9D2B900A4A197 /* LocalizationStrings.swift */ = {isa = PBXFileReference; lastKnownFileType = sourcecode.swift; path = LocalizationStrings.swift; sourceTree = "<group>"; };
		32624E4C2BD9D2EB00A4A197 /* Localizable.xcstrings */ = {isa = PBXFileReference; lastKnownFileType = text.json.xcstrings; path = Localizable.xcstrings; sourceTree = "<group>"; };
		32624E4E2BD9D30000A4A197 /* es-419 */ = {isa = PBXFileReference; lastKnownFileType = text.plist.strings; name = "es-419"; path = "es-419.lproj/Main.strings"; sourceTree = "<group>"; };
		32624E4F2BD9D30000A4A197 /* es-419 */ = {isa = PBXFileReference; lastKnownFileType = text.plist.strings; name = "es-419"; path = "es-419.lproj/LaunchScreen.strings"; sourceTree = "<group>"; };
		32644E272BDAB79A000B1A0C /* DropShadowImageView.swift */ = {isa = PBXFileReference; lastKnownFileType = sourcecode.swift; path = DropShadowImageView.swift; sourceTree = "<group>"; };
		32644E292BDAB7B2000B1A0C /* DropShadowView.swift */ = {isa = PBXFileReference; lastKnownFileType = sourcecode.swift; path = DropShadowView.swift; sourceTree = "<group>"; };
		32644E2C2BDAB7E2000B1A0C /* MovieDetailViewController.swift */ = {isa = PBXFileReference; lastKnownFileType = sourcecode.swift; path = MovieDetailViewController.swift; sourceTree = "<group>"; };
		32644E2E2BDAB7F9000B1A0C /* CustomCollectionViewListCell.swift */ = {isa = PBXFileReference; lastKnownFileType = sourcecode.swift; path = CustomCollectionViewListCell.swift; sourceTree = "<group>"; };
		32644E302BDAB81A000B1A0C /* MovieCell.swift */ = {isa = PBXFileReference; lastKnownFileType = sourcecode.swift; path = MovieCell.swift; sourceTree = "<group>"; };
		32644E332BDAB867000B1A0C /* UIImageView+Extension.swift */ = {isa = PBXFileReference; lastKnownFileType = sourcecode.swift; path = "UIImageView+Extension.swift"; sourceTree = "<group>"; };
		329427732BE029D300A05B82 /* URLImageView.swift */ = {isa = PBXFileReference; lastKnownFileType = sourcecode.swift; path = URLImageView.swift; sourceTree = "<group>"; };
		32BFD7F22BDAC480009A2A8E /* MovieDetailViewModel.swift */ = {isa = PBXFileReference; lastKnownFileType = sourcecode.swift; path = MovieDetailViewModel.swift; sourceTree = "<group>"; };
		32BFD7F42BDAC707009A2A8E /* RatingView.swift */ = {isa = PBXFileReference; lastKnownFileType = sourcecode.swift; path = RatingView.swift; sourceTree = "<group>"; };
/* End PBXFileReference section */

/* Begin PBXFrameworksBuildPhase section */
		32624DD32BD9978500A4A197 /* Frameworks */ = {
			isa = PBXFrameworksBuildPhase;
			buildActionMask = 2147483647;
			files = (
			);
			runOnlyForDeploymentPostprocessing = 0;
		};
		32624DE92BD9978600A4A197 /* Frameworks */ = {
			isa = PBXFrameworksBuildPhase;
			buildActionMask = 2147483647;
			files = (
			);
			runOnlyForDeploymentPostprocessing = 0;
		};
		32624DF32BD9978600A4A197 /* Frameworks */ = {
			isa = PBXFrameworksBuildPhase;
			buildActionMask = 2147483647;
			files = (
			);
			runOnlyForDeploymentPostprocessing = 0;
		};
/* End PBXFrameworksBuildPhase section */

/* Begin PBXGroup section */
		32624DCD2BD9978500A4A197 = {
			isa = PBXGroup;
			children = (
				32624DD82BD9978500A4A197 /* Movies */,
				32624DEF2BD9978600A4A197 /* MoviesTests */,
				32624DF92BD9978600A4A197 /* MoviesUITests */,
				32624DD72BD9978500A4A197 /* Products */,
			);
			sourceTree = "<group>";
		};
		32624DD72BD9978500A4A197 /* Products */ = {
			isa = PBXGroup;
			children = (
				32624DD62BD9978500A4A197 /* Movies.app */,
				32624DEC2BD9978600A4A197 /* MoviesTests.xctest */,
				32624DF62BD9978600A4A197 /* MoviesUITests.xctest */,
			);
			name = Products;
			sourceTree = "<group>";
		};
		32624DD82BD9978500A4A197 /* Movies */ = {
			isa = PBXGroup;
			children = (
				32624E242BD9B5CE00A4A197 /* Data */,
				32624E1C2BD9AE5400A4A197 /* Domain */,
				32624E202BD9B35900A4A197 /* Presentation */,
				32624DD92BD9978500A4A197 /* AppDelegate.swift */,
				32624DDB2BD9978500A4A197 /* SceneDelegate.swift */,
				32624DDF2BD9978500A4A197 /* Main.storyboard */,
				32624DE22BD9978600A4A197 /* Assets.xcassets */,
				32624DE42BD9978600A4A197 /* LaunchScreen.storyboard */,
				32624DE72BD9978600A4A197 /* Info.plist */,
			);
			path = Movies;
			sourceTree = "<group>";
		};
		32624DEF2BD9978600A4A197 /* MoviesTests */ = {
			isa = PBXGroup;
			children = (
				32624DF02BD9978600A4A197 /* MoviesTests.swift */,
			);
			path = MoviesTests;
			sourceTree = "<group>";
		};
		32624DF92BD9978600A4A197 /* MoviesUITests */ = {
			isa = PBXGroup;
			children = (
				32624DFA2BD9978600A4A197 /* MoviesUITests.swift */,
				32624DFC2BD9978600A4A197 /* MoviesUITestsLaunchTests.swift */,
			);
			path = MoviesUITests;
			sourceTree = "<group>";
		};
		32624E092BD9993F00A4A197 /* Fonts */ = {
			isa = PBXGroup;
			children = (
				32624E0E2BD9996900A4A197 /* SF-Pro-Rounded-Black.otf */,
				32624E0D2BD9996900A4A197 /* SF-Pro-Rounded-Bold.otf */,
				32624E0B2BD9996900A4A197 /* SF-Pro-Rounded-Heavy.otf */,
				32624E0F2BD9996900A4A197 /* SF-Pro-Rounded-Light.otf */,
				32624E112BD9996900A4A197 /* SF-Pro-Rounded-Medium.otf */,
				32624E122BD9996900A4A197 /* SF-Pro-Rounded-Regular.otf */,
				32624E0C2BD9996900A4A197 /* SF-Pro-Rounded-Semibold.otf */,
				32624E102BD9996900A4A197 /* SF-Pro-Rounded-Thin.otf */,
				32624E0A2BD9996800A4A197 /* SF-Pro-Rounded-Ultralight.otf */,
			);
			path = Fonts;
			sourceTree = "<group>";
		};
		32624E1C2BD9AE5400A4A197 /* Domain */ = {
			isa = PBXGroup;
			children = (
				32644E322BDAB85A000B1A0C /* Extensions */,
				32624E492BD9D2A600A4A197 /* Localization */,
				32624E3D2BD9BE1000A4A197 /* Repository */,
				32624E362BD9BD3F00A4A197 /* Models */,
				32624E312BD9B9A300A4A197 /* Errors */,
				32624E2B2BD9B60900A4A197 /* API */,
				32624E252BD9B5DA00A4A197 /* Data Source */,
			);
			path = Domain;
			sourceTree = "<group>";
		};
		32624E202BD9B35900A4A197 /* Presentation */ = {
			isa = PBXGroup;
			children = (
				32624E212BD9B35F00A4A197 /* Theme */,
				32644E262BDAB78D000B1A0C /* Reusable */,
				32644E2B2BDAB7CB000B1A0C /* MovieDetailView */,
				32624E422BD9BEE300A4A197 /* MoviesListView */,
			);
			path = Presentation;
			sourceTree = "<group>";
		};
		32624E212BD9B35F00A4A197 /* Theme */ = {
			isa = PBXGroup;
			children = (
				32624E222BD9B38900A4A197 /* Theme.swift */,
				32624E1E2BD9AE7600A4A197 /* ThemeFont.swift */,
				32624E092BD9993F00A4A197 /* Fonts */,
			);
			path = Theme;
			sourceTree = "<group>";
		};
		32624E242BD9B5CE00A4A197 /* Data */ = {
			isa = PBXGroup;
			children = (
				32624E3C2BD9BE0B00A4A197 /* Repository */,
				32624E2E2BD9B82300A4A197 /* API */,
				32624E282BD9B5F500A4A197 /* Data Source */,
				32624E292BD9B60400A4A197 /* HTTPClient.swift */,
			);
			path = Data;
			sourceTree = "<group>";
		};
		32624E252BD9B5DA00A4A197 /* Data Source */ = {
			isa = PBXGroup;
			children = (
				32624E262BD9B5EB00A4A197 /* RemoteDataSourceProvider.swift */,
			);
			path = "Data Source";
			sourceTree = "<group>";
		};
		32624E282BD9B5F500A4A197 /* Data Source */ = {
			isa = PBXGroup;
			children = (
				32624E342BD9BAB500A4A197 /* RemoteDataSource.swift */,
			);
			path = "Data Source";
			sourceTree = "<group>";
		};
		32624E2B2BD9B60900A4A197 /* API */ = {
			isa = PBXGroup;
			children = (
				32624E2C2BD9B61100A4A197 /* API.swift */,
			);
			path = API;
			sourceTree = "<group>";
		};
		32624E2E2BD9B82300A4A197 /* API */ = {
			isa = PBXGroup;
			children = (
				32624E2F2BD9B82D00A4A197 /* MoviesAPI.swift */,
			);
			path = API;
			sourceTree = "<group>";
		};
		32624E312BD9B9A300A4A197 /* Errors */ = {
			isa = PBXGroup;
			children = (
				32624E322BD9B9AC00A4A197 /* RequestError.swift */,
			);
			path = Errors;
			sourceTree = "<group>";
		};
		32624E362BD9BD3F00A4A197 /* Models */ = {
			isa = PBXGroup;
			children = (
				32624E372BD9BD4800A4A197 /* Page.swift */,
				32624E3A2BD9BD6B00A4A197 /* Movie.swift */,
			);
			path = Models;
			sourceTree = "<group>";
		};
		32624E3C2BD9BE0B00A4A197 /* Repository */ = {
			isa = PBXGroup;
			children = (
				32624E402BD9BE3700A4A197 /* MovieRepository.swift */,
			);
			path = Repository;
			sourceTree = "<group>";
		};
		32624E3D2BD9BE1000A4A197 /* Repository */ = {
			isa = PBXGroup;
			children = (
				32624E3E2BD9BE1B00A4A197 /* RepositoryProvider.swift */,
			);
			path = Repository;
			sourceTree = "<group>";
		};
		32624E422BD9BEE300A4A197 /* MoviesListView */ = {
			isa = PBXGroup;
			children = (
				32624E442BD9BF1000A4A197 /* ViewModel */,
				32624E432BD9BF0800A4A197 /* View */,
			);
			path = MoviesListView;
			sourceTree = "<group>";
		};
		32624E432BD9BF0800A4A197 /* View */ = {
			isa = PBXGroup;
			children = (
				32624DDD2BD9978500A4A197 /* MoviesListViewController.swift */,
				32644E302BDAB81A000B1A0C /* MovieCell.swift */,
			);
			path = View;
			sourceTree = "<group>";
		};
		32624E442BD9BF1000A4A197 /* ViewModel */ = {
			isa = PBXGroup;
			children = (
				32624E452BD9BF2500A4A197 /* MoviesListViewModel.swift */,
			);
			path = ViewModel;
			sourceTree = "<group>";
		};
		32624E492BD9D2A600A4A197 /* Localization */ = {
			isa = PBXGroup;
			children = (
				32624E4A2BD9D2B900A4A197 /* LocalizationStrings.swift */,
				32624E4C2BD9D2EB00A4A197 /* Localizable.xcstrings */,
			);
			path = Localization;
			sourceTree = "<group>";
		};
		32644E262BDAB78D000B1A0C /* Reusable */ = {
			isa = PBXGroup;
			children = (
				32644E272BDAB79A000B1A0C /* DropShadowImageView.swift */,
				32644E292BDAB7B2000B1A0C /* DropShadowView.swift */,
				32644E2E2BDAB7F9000B1A0C /* CustomCollectionViewListCell.swift */,
				32BFD7F42BDAC707009A2A8E /* RatingView.swift */,
				329427732BE029D300A05B82 /* URLImageView.swift */,
			);
			path = Reusable;
			sourceTree = "<group>";
		};
		32644E2B2BDAB7CB000B1A0C /* MovieDetailView */ = {
			isa = PBXGroup;
			children = (
				32644E2C2BDAB7E2000B1A0C /* MovieDetailViewController.swift */,
				32BFD7F22BDAC480009A2A8E /* MovieDetailViewModel.swift */,
			);
			path = MovieDetailView;
			sourceTree = "<group>";
		};
		32644E322BDAB85A000B1A0C /* Extensions */ = {
			isa = PBXGroup;
			children = (
				32644E332BDAB867000B1A0C /* UIImageView+Extension.swift */,
			);
			path = Extensions;
			sourceTree = "<group>";
		};
/* End PBXGroup section */

/* Begin PBXNativeTarget section */
		32624DD52BD9978500A4A197 /* Movies */ = {
			isa = PBXNativeTarget;
			buildConfigurationList = 32624E002BD9978600A4A197 /* Build configuration list for PBXNativeTarget "Movies" */;
			buildPhases = (
				32624DD22BD9978500A4A197 /* Sources */,
				32624DD32BD9978500A4A197 /* Frameworks */,
				32624DD42BD9978500A4A197 /* Resources */,
			);
			buildRules = (
			);
			dependencies = (
			);
			name = Movies;
			productName = Movies;
			productReference = 32624DD62BD9978500A4A197 /* Movies.app */;
			productType = "com.apple.product-type.application";
		};
		32624DEB2BD9978600A4A197 /* MoviesTests */ = {
			isa = PBXNativeTarget;
			buildConfigurationList = 32624E032BD9978600A4A197 /* Build configuration list for PBXNativeTarget "MoviesTests" */;
			buildPhases = (
				32624DE82BD9978600A4A197 /* Sources */,
				32624DE92BD9978600A4A197 /* Frameworks */,
				32624DEA2BD9978600A4A197 /* Resources */,
			);
			buildRules = (
			);
			dependencies = (
				32624DEE2BD9978600A4A197 /* PBXTargetDependency */,
			);
			name = MoviesTests;
			productName = MoviesTests;
			productReference = 32624DEC2BD9978600A4A197 /* MoviesTests.xctest */;
			productType = "com.apple.product-type.bundle.unit-test";
		};
		32624DF52BD9978600A4A197 /* MoviesUITests */ = {
			isa = PBXNativeTarget;
			buildConfigurationList = 32624E062BD9978600A4A197 /* Build configuration list for PBXNativeTarget "MoviesUITests" */;
			buildPhases = (
				32624DF22BD9978600A4A197 /* Sources */,
				32624DF32BD9978600A4A197 /* Frameworks */,
				32624DF42BD9978600A4A197 /* Resources */,
			);
			buildRules = (
			);
			dependencies = (
				32624DF82BD9978600A4A197 /* PBXTargetDependency */,
			);
			name = MoviesUITests;
			productName = MoviesUITests;
			productReference = 32624DF62BD9978600A4A197 /* MoviesUITests.xctest */;
			productType = "com.apple.product-type.bundle.ui-testing";
		};
/* End PBXNativeTarget section */

/* Begin PBXProject section */
		32624DCE2BD9978500A4A197 /* Project object */ = {
			isa = PBXProject;
			attributes = {
				BuildIndependentTargetsInParallel = 1;
				LastSwiftUpdateCheck = 1530;
				LastUpgradeCheck = 1530;
				TargetAttributes = {
					32624DD52BD9978500A4A197 = {
						CreatedOnToolsVersion = 15.3;
					};
					32624DEB2BD9978600A4A197 = {
						CreatedOnToolsVersion = 15.3;
						TestTargetID = 32624DD52BD9978500A4A197;
					};
					32624DF52BD9978600A4A197 = {
						CreatedOnToolsVersion = 15.3;
						TestTargetID = 32624DD52BD9978500A4A197;
					};
				};
			};
			buildConfigurationList = 32624DD12BD9978500A4A197 /* Build configuration list for PBXProject "Movies" */;
			compatibilityVersion = "Xcode 14.0";
			developmentRegion = en;
			hasScannedForEncodings = 0;
			knownRegions = (
				en,
				Base,
				"es-419",
			);
			mainGroup = 32624DCD2BD9978500A4A197;
			productRefGroup = 32624DD72BD9978500A4A197 /* Products */;
			projectDirPath = "";
			projectRoot = "";
			targets = (
				32624DD52BD9978500A4A197 /* Movies */,
				32624DEB2BD9978600A4A197 /* MoviesTests */,
				32624DF52BD9978600A4A197 /* MoviesUITests */,
			);
		};
/* End PBXProject section */

/* Begin PBXResourcesBuildPhase section */
		32624DD42BD9978500A4A197 /* Resources */ = {
			isa = PBXResourcesBuildPhase;
			buildActionMask = 2147483647;
			files = (
				32624DE32BD9978600A4A197 /* Assets.xcassets in Resources */,
				32624E182BD9996900A4A197 /* SF-Pro-Rounded-Light.otf in Resources */,
				32624E152BD9996900A4A197 /* SF-Pro-Rounded-Semibold.otf in Resources */,
				32624E192BD9996900A4A197 /* SF-Pro-Rounded-Thin.otf in Resources */,
				32624E142BD9996900A4A197 /* SF-Pro-Rounded-Heavy.otf in Resources */,
				32624E1B2BD9996900A4A197 /* SF-Pro-Rounded-Regular.otf in Resources */,
				32624E4D2BD9D2EB00A4A197 /* Localizable.xcstrings in Resources */,
				32624DE62BD9978600A4A197 /* Base in Resources */,
				32624E132BD9996900A4A197 /* SF-Pro-Rounded-Ultralight.otf in Resources */,
				32624E1A2BD9996900A4A197 /* SF-Pro-Rounded-Medium.otf in Resources */,
				32624E162BD9996900A4A197 /* SF-Pro-Rounded-Bold.otf in Resources */,
				32624E172BD9996900A4A197 /* SF-Pro-Rounded-Black.otf in Resources */,
				32624DE12BD9978500A4A197 /* Base in Resources */,
			);
			runOnlyForDeploymentPostprocessing = 0;
		};
		32624DEA2BD9978600A4A197 /* Resources */ = {
			isa = PBXResourcesBuildPhase;
			buildActionMask = 2147483647;
			files = (
			);
			runOnlyForDeploymentPostprocessing = 0;
		};
		32624DF42BD9978600A4A197 /* Resources */ = {
			isa = PBXResourcesBuildPhase;
			buildActionMask = 2147483647;
			files = (
			);
			runOnlyForDeploymentPostprocessing = 0;
		};
/* End PBXResourcesBuildPhase section */

/* Begin PBXSourcesBuildPhase section */
		32624DD22BD9978500A4A197 /* Sources */ = {
			isa = PBXSourcesBuildPhase;
			buildActionMask = 2147483647;
			files = (
				32624DDE2BD9978500A4A197 /* MoviesListViewController.swift in Sources */,
				32624E272BD9B5EB00A4A197 /* RemoteDataSourceProvider.swift in Sources */,
				329427742BE029D300A05B82 /* URLImageView.swift in Sources */,
				32624E382BD9BD4800A4A197 /* Page.swift in Sources */,
				32624E352BD9BAB500A4A197 /* RemoteDataSource.swift in Sources */,
				32644E342BDAB867000B1A0C /* UIImageView+Extension.swift in Sources */,
				32624E3F2BD9BE1B00A4A197 /* RepositoryProvider.swift in Sources */,
				32624E1F2BD9AE7600A4A197 /* ThemeFont.swift in Sources */,
				32624E2A2BD9B60400A4A197 /* HTTPClient.swift in Sources */,
				32BFD7F52BDAC707009A2A8E /* RatingView.swift in Sources */,
				32624E232BD9B38A00A4A197 /* Theme.swift in Sources */,
				32624E4B2BD9D2B900A4A197 /* LocalizationStrings.swift in Sources */,
				32624E412BD9BE3700A4A197 /* MovieRepository.swift in Sources */,
				32624E3B2BD9BD6B00A4A197 /* Movie.swift in Sources */,
				32644E282BDAB79A000B1A0C /* DropShadowImageView.swift in Sources */,
				32624E302BD9B82D00A4A197 /* MoviesAPI.swift in Sources */,
				32624E332BD9B9AC00A4A197 /* RequestError.swift in Sources */,
				32644E312BDAB81A000B1A0C /* MovieCell.swift in Sources */,
				32644E2A2BDAB7B2000B1A0C /* DropShadowView.swift in Sources */,
				32624DDA2BD9978500A4A197 /* AppDelegate.swift in Sources */,
				32644E2D2BDAB7E2000B1A0C /* MovieDetailViewController.swift in Sources */,
				32644E2F2BDAB7F9000B1A0C /* CustomCollectionViewListCell.swift in Sources */,
				32BFD7F32BDAC480009A2A8E /* MovieDetailViewModel.swift in Sources */,
				32624E2D2BD9B61100A4A197 /* API.swift in Sources */,
				32624DDC2BD9978500A4A197 /* SceneDelegate.swift in Sources */,
				32624E462BD9BF2500A4A197 /* MoviesListViewModel.swift in Sources */,
			);
			runOnlyForDeploymentPostprocessing = 0;
		};
		32624DE82BD9978600A4A197 /* Sources */ = {
			isa = PBXSourcesBuildPhase;
			buildActionMask = 2147483647;
			files = (
				32624DF12BD9978600A4A197 /* MoviesTests.swift in Sources */,
			);
			runOnlyForDeploymentPostprocessing = 0;
		};
		32624DF22BD9978600A4A197 /* Sources */ = {
			isa = PBXSourcesBuildPhase;
			buildActionMask = 2147483647;
			files = (
				32624DFB2BD9978600A4A197 /* MoviesUITests.swift in Sources */,
				32624DFD2BD9978600A4A197 /* MoviesUITestsLaunchTests.swift in Sources */,
			);
			runOnlyForDeploymentPostprocessing = 0;
		};
/* End PBXSourcesBuildPhase section */

/* Begin PBXTargetDependency section */
		32624DEE2BD9978600A4A197 /* PBXTargetDependency */ = {
			isa = PBXTargetDependency;
			target = 32624DD52BD9978500A4A197 /* Movies */;
			targetProxy = 32624DED2BD9978600A4A197 /* PBXContainerItemProxy */;
		};
		32624DF82BD9978600A4A197 /* PBXTargetDependency */ = {
			isa = PBXTargetDependency;
			target = 32624DD52BD9978500A4A197 /* Movies */;
			targetProxy = 32624DF72BD9978600A4A197 /* PBXContainerItemProxy */;
		};
/* End PBXTargetDependency section */

/* Begin PBXVariantGroup section */
		32624DDF2BD9978500A4A197 /* Main.storyboard */ = {
			isa = PBXVariantGroup;
			children = (
				32624DE02BD9978500A4A197 /* Base */,
				32624E4E2BD9D30000A4A197 /* es-419 */,
			);
			name = Main.storyboard;
			sourceTree = "<group>";
		};
		32624DE42BD9978600A4A197 /* LaunchScreen.storyboard */ = {
			isa = PBXVariantGroup;
			children = (
				32624DE52BD9978600A4A197 /* Base */,
				32624E4F2BD9D30000A4A197 /* es-419 */,
			);
			name = LaunchScreen.storyboard;
			sourceTree = "<group>";
		};
/* End PBXVariantGroup section */

/* Begin XCBuildConfiguration section */
		32624DFE2BD9978600A4A197 /* Debug */ = {
			isa = XCBuildConfiguration;
			buildSettings = {
				ALWAYS_SEARCH_USER_PATHS = NO;
				ASSETCATALOG_COMPILER_GENERATE_SWIFT_ASSET_SYMBOL_EXTENSIONS = YES;
				CLANG_ANALYZER_LOCALIZABILITY_NONLOCALIZED = YES;
				CLANG_ANALYZER_NONNULL = YES;
				CLANG_ANALYZER_NUMBER_OBJECT_CONVERSION = YES_AGGRESSIVE;
				CLANG_CXX_LANGUAGE_STANDARD = "gnu++20";
				CLANG_ENABLE_MODULES = YES;
				CLANG_ENABLE_OBJC_ARC = YES;
				CLANG_ENABLE_OBJC_WEAK = YES;
				CLANG_WARN_BLOCK_CAPTURE_AUTORELEASING = YES;
				CLANG_WARN_BOOL_CONVERSION = YES;
				CLANG_WARN_COMMA = YES;
				CLANG_WARN_CONSTANT_CONVERSION = YES;
				CLANG_WARN_DEPRECATED_OBJC_IMPLEMENTATIONS = YES;
				CLANG_WARN_DIRECT_OBJC_ISA_USAGE = YES_ERROR;
				CLANG_WARN_DOCUMENTATION_COMMENTS = YES;
				CLANG_WARN_EMPTY_BODY = YES;
				CLANG_WARN_ENUM_CONVERSION = YES;
				CLANG_WARN_INFINITE_RECURSION = YES;
				CLANG_WARN_INT_CONVERSION = YES;
				CLANG_WARN_NON_LITERAL_NULL_CONVERSION = YES;
				CLANG_WARN_OBJC_IMPLICIT_RETAIN_SELF = YES;
				CLANG_WARN_OBJC_LITERAL_CONVERSION = YES;
				CLANG_WARN_OBJC_ROOT_CLASS = YES_ERROR;
				CLANG_WARN_QUOTED_INCLUDE_IN_FRAMEWORK_HEADER = YES;
				CLANG_WARN_RANGE_LOOP_ANALYSIS = YES;
				CLANG_WARN_STRICT_PROTOTYPES = YES;
				CLANG_WARN_SUSPICIOUS_MOVE = YES;
				CLANG_WARN_UNGUARDED_AVAILABILITY = YES_AGGRESSIVE;
				CLANG_WARN_UNREACHABLE_CODE = YES;
				CLANG_WARN__DUPLICATE_METHOD_MATCH = YES;
				COPY_PHASE_STRIP = NO;
				DEBUG_INFORMATION_FORMAT = dwarf;
				ENABLE_STRICT_OBJC_MSGSEND = YES;
				ENABLE_TESTABILITY = YES;
				ENABLE_USER_SCRIPT_SANDBOXING = YES;
				GCC_C_LANGUAGE_STANDARD = gnu17;
				GCC_DYNAMIC_NO_PIC = NO;
				GCC_NO_COMMON_BLOCKS = YES;
				GCC_OPTIMIZATION_LEVEL = 0;
				GCC_PREPROCESSOR_DEFINITIONS = (
					"DEBUG=1",
					"$(inherited)",
				);
				GCC_WARN_64_TO_32_BIT_CONVERSION = YES;
				GCC_WARN_ABOUT_RETURN_TYPE = YES_ERROR;
				GCC_WARN_UNDECLARED_SELECTOR = YES;
				GCC_WARN_UNINITIALIZED_AUTOS = YES_AGGRESSIVE;
				GCC_WARN_UNUSED_FUNCTION = YES;
				GCC_WARN_UNUSED_VARIABLE = YES;
				IPHONEOS_DEPLOYMENT_TARGET = 17.4;
				LOCALIZATION_PREFERS_STRING_CATALOGS = YES;
				MTL_ENABLE_DEBUG_INFO = INCLUDE_SOURCE;
				MTL_FAST_MATH = YES;
				ONLY_ACTIVE_ARCH = YES;
				SDKROOT = iphoneos;
				SWIFT_ACTIVE_COMPILATION_CONDITIONS = "DEBUG $(inherited)";
				SWIFT_OPTIMIZATION_LEVEL = "-Onone";
			};
			name = Debug;
		};
		32624DFF2BD9978600A4A197 /* Release */ = {
			isa = XCBuildConfiguration;
			buildSettings = {
				ALWAYS_SEARCH_USER_PATHS = NO;
				ASSETCATALOG_COMPILER_GENERATE_SWIFT_ASSET_SYMBOL_EXTENSIONS = YES;
				CLANG_ANALYZER_LOCALIZABILITY_NONLOCALIZED = YES;
				CLANG_ANALYZER_NONNULL = YES;
				CLANG_ANALYZER_NUMBER_OBJECT_CONVERSION = YES_AGGRESSIVE;
				CLANG_CXX_LANGUAGE_STANDARD = "gnu++20";
				CLANG_ENABLE_MODULES = YES;
				CLANG_ENABLE_OBJC_ARC = YES;
				CLANG_ENABLE_OBJC_WEAK = YES;
				CLANG_WARN_BLOCK_CAPTURE_AUTORELEASING = YES;
				CLANG_WARN_BOOL_CONVERSION = YES;
				CLANG_WARN_COMMA = YES;
				CLANG_WARN_CONSTANT_CONVERSION = YES;
				CLANG_WARN_DEPRECATED_OBJC_IMPLEMENTATIONS = YES;
				CLANG_WARN_DIRECT_OBJC_ISA_USAGE = YES_ERROR;
				CLANG_WARN_DOCUMENTATION_COMMENTS = YES;
				CLANG_WARN_EMPTY_BODY = YES;
				CLANG_WARN_ENUM_CONVERSION = YES;
				CLANG_WARN_INFINITE_RECURSION = YES;
				CLANG_WARN_INT_CONVERSION = YES;
				CLANG_WARN_NON_LITERAL_NULL_CONVERSION = YES;
				CLANG_WARN_OBJC_IMPLICIT_RETAIN_SELF = YES;
				CLANG_WARN_OBJC_LITERAL_CONVERSION = YES;
				CLANG_WARN_OBJC_ROOT_CLASS = YES_ERROR;
				CLANG_WARN_QUOTED_INCLUDE_IN_FRAMEWORK_HEADER = YES;
				CLANG_WARN_RANGE_LOOP_ANALYSIS = YES;
				CLANG_WARN_STRICT_PROTOTYPES = YES;
				CLANG_WARN_SUSPICIOUS_MOVE = YES;
				CLANG_WARN_UNGUARDED_AVAILABILITY = YES_AGGRESSIVE;
				CLANG_WARN_UNREACHABLE_CODE = YES;
				CLANG_WARN__DUPLICATE_METHOD_MATCH = YES;
				COPY_PHASE_STRIP = NO;
				DEBUG_INFORMATION_FORMAT = "dwarf-with-dsym";
				ENABLE_NS_ASSERTIONS = NO;
				ENABLE_STRICT_OBJC_MSGSEND = YES;
				ENABLE_USER_SCRIPT_SANDBOXING = YES;
				GCC_C_LANGUAGE_STANDARD = gnu17;
				GCC_NO_COMMON_BLOCKS = YES;
				GCC_WARN_64_TO_32_BIT_CONVERSION = YES;
				GCC_WARN_ABOUT_RETURN_TYPE = YES_ERROR;
				GCC_WARN_UNDECLARED_SELECTOR = YES;
				GCC_WARN_UNINITIALIZED_AUTOS = YES_AGGRESSIVE;
				GCC_WARN_UNUSED_FUNCTION = YES;
				GCC_WARN_UNUSED_VARIABLE = YES;
				IPHONEOS_DEPLOYMENT_TARGET = 17.4;
				LOCALIZATION_PREFERS_STRING_CATALOGS = YES;
				MTL_ENABLE_DEBUG_INFO = NO;
				MTL_FAST_MATH = YES;
				SDKROOT = iphoneos;
				SWIFT_COMPILATION_MODE = wholemodule;
				VALIDATE_PRODUCT = YES;
			};
			name = Release;
		};
		32624E012BD9978600A4A197 /* Debug */ = {
			isa = XCBuildConfiguration;
			buildSettings = {
				ASSETCATALOG_COMPILER_APPICON_NAME = AppIcon;
				ASSETCATALOG_COMPILER_GLOBAL_ACCENT_COLOR_NAME = AccentColor;
				CODE_SIGN_STYLE = Automatic;
				CURRENT_PROJECT_VERSION = 1;
				DEVELOPMENT_TEAM = 8T85WESY64;
				GENERATE_INFOPLIST_FILE = YES;
				INFOPLIST_FILE = Movies/Info.plist;
				INFOPLIST_KEY_UIApplicationSupportsIndirectInputEvents = YES;
				INFOPLIST_KEY_UILaunchStoryboardName = LaunchScreen;
				INFOPLIST_KEY_UIMainStoryboardFile = Main;
				INFOPLIST_KEY_UISupportedInterfaceOrientations_iPad = "UIInterfaceOrientationPortrait UIInterfaceOrientationPortraitUpsideDown UIInterfaceOrientationLandscapeLeft UIInterfaceOrientationLandscapeRight";
				INFOPLIST_KEY_UISupportedInterfaceOrientations_iPhone = "UIInterfaceOrientationPortrait UIInterfaceOrientationLandscapeLeft UIInterfaceOrientationLandscapeRight";
				LD_RUNPATH_SEARCH_PATHS = (
					"$(inherited)",
					"@executable_path/Frameworks",
				);
				MARKETING_VERSION = 1.0;
				PRODUCT_BUNDLE_IDENTIFIER = com.ignacioparadisi.Movies;
				PRODUCT_NAME = "$(TARGET_NAME)";
				SWIFT_EMIT_LOC_STRINGS = YES;
				SWIFT_VERSION = 5.0;
				TARGETED_DEVICE_FAMILY = "1,2";
			};
			name = Debug;
		};
		32624E022BD9978600A4A197 /* Release */ = {
			isa = XCBuildConfiguration;
			buildSettings = {
				ASSETCATALOG_COMPILER_APPICON_NAME = AppIcon;
				ASSETCATALOG_COMPILER_GLOBAL_ACCENT_COLOR_NAME = AccentColor;
				CODE_SIGN_STYLE = Automatic;
				CURRENT_PROJECT_VERSION = 1;
				DEVELOPMENT_TEAM = 8T85WESY64;
				GENERATE_INFOPLIST_FILE = YES;
				INFOPLIST_FILE = Movies/Info.plist;
				INFOPLIST_KEY_UIApplicationSupportsIndirectInputEvents = YES;
				INFOPLIST_KEY_UILaunchStoryboardName = LaunchScreen;
				INFOPLIST_KEY_UIMainStoryboardFile = Main;
				INFOPLIST_KEY_UISupportedInterfaceOrientations_iPad = "UIInterfaceOrientationPortrait UIInterfaceOrientationPortraitUpsideDown UIInterfaceOrientationLandscapeLeft UIInterfaceOrientationLandscapeRight";
				INFOPLIST_KEY_UISupportedInterfaceOrientations_iPhone = "UIInterfaceOrientationPortrait UIInterfaceOrientationLandscapeLeft UIInterfaceOrientationLandscapeRight";
				LD_RUNPATH_SEARCH_PATHS = (
					"$(inherited)",
					"@executable_path/Frameworks",
				);
				MARKETING_VERSION = 1.0;
				PRODUCT_BUNDLE_IDENTIFIER = com.ignacioparadisi.Movies;
				PRODUCT_NAME = "$(TARGET_NAME)";
				SWIFT_EMIT_LOC_STRINGS = YES;
				SWIFT_VERSION = 5.0;
				TARGETED_DEVICE_FAMILY = "1,2";
			};
			name = Release;
		};
		32624E042BD9978600A4A197 /* Debug */ = {
			isa = XCBuildConfiguration;
			buildSettings = {
				ALWAYS_EMBED_SWIFT_STANDARD_LIBRARIES = YES;
				BUNDLE_LOADER = "$(TEST_HOST)";
				CODE_SIGN_STYLE = Automatic;
				CURRENT_PROJECT_VERSION = 1;
				DEVELOPMENT_TEAM = 8T85WESY64;
				GENERATE_INFOPLIST_FILE = YES;
				IPHONEOS_DEPLOYMENT_TARGET = 17.4;
				MARKETING_VERSION = 1.0;
				PRODUCT_BUNDLE_IDENTIFIER = com.ignacioparadisi.MoviesTests;
				PRODUCT_NAME = "$(TARGET_NAME)";
				SWIFT_EMIT_LOC_STRINGS = NO;
				SWIFT_VERSION = 5.0;
				TARGETED_DEVICE_FAMILY = "1,2";
				TEST_HOST = "$(BUILT_PRODUCTS_DIR)/Movies.app/$(BUNDLE_EXECUTABLE_FOLDER_PATH)/Movies";
			};
			name = Debug;
		};
		32624E052BD9978600A4A197 /* Release */ = {
			isa = XCBuildConfiguration;
			buildSettings = {
				ALWAYS_EMBED_SWIFT_STANDARD_LIBRARIES = YES;
				BUNDLE_LOADER = "$(TEST_HOST)";
				CODE_SIGN_STYLE = Automatic;
				CURRENT_PROJECT_VERSION = 1;
				DEVELOPMENT_TEAM = 8T85WESY64;
				GENERATE_INFOPLIST_FILE = YES;
				IPHONEOS_DEPLOYMENT_TARGET = 17.4;
				MARKETING_VERSION = 1.0;
				PRODUCT_BUNDLE_IDENTIFIER = com.ignacioparadisi.MoviesTests;
				PRODUCT_NAME = "$(TARGET_NAME)";
				SWIFT_EMIT_LOC_STRINGS = NO;
				SWIFT_VERSION = 5.0;
				TARGETED_DEVICE_FAMILY = "1,2";
				TEST_HOST = "$(BUILT_PRODUCTS_DIR)/Movies.app/$(BUNDLE_EXECUTABLE_FOLDER_PATH)/Movies";
			};
			name = Release;
		};
		32624E072BD9978600A4A197 /* Debug */ = {
			isa = XCBuildConfiguration;
			buildSettings = {
				ALWAYS_EMBED_SWIFT_STANDARD_LIBRARIES = YES;
				CODE_SIGN_STYLE = Automatic;
				CURRENT_PROJECT_VERSION = 1;
				DEVELOPMENT_TEAM = 8T85WESY64;
				GENERATE_INFOPLIST_FILE = YES;
				MARKETING_VERSION = 1.0;
				PRODUCT_BUNDLE_IDENTIFIER = com.ignacioparadisi.MoviesUITests;
				PRODUCT_NAME = "$(TARGET_NAME)";
				SWIFT_EMIT_LOC_STRINGS = NO;
				SWIFT_VERSION = 5.0;
				TARGETED_DEVICE_FAMILY = "1,2";
				TEST_TARGET_NAME = Movies;
			};
			name = Debug;
		};
		32624E082BD9978600A4A197 /* Release */ = {
			isa = XCBuildConfiguration;
			buildSettings = {
				ALWAYS_EMBED_SWIFT_STANDARD_LIBRARIES = YES;
				CODE_SIGN_STYLE = Automatic;
				CURRENT_PROJECT_VERSION = 1;
				DEVELOPMENT_TEAM = 8T85WESY64;
				GENERATE_INFOPLIST_FILE = YES;
				MARKETING_VERSION = 1.0;
				PRODUCT_BUNDLE_IDENTIFIER = com.ignacioparadisi.MoviesUITests;
				PRODUCT_NAME = "$(TARGET_NAME)";
				SWIFT_EMIT_LOC_STRINGS = NO;
				SWIFT_VERSION = 5.0;
				TARGETED_DEVICE_FAMILY = "1,2";
				TEST_TARGET_NAME = Movies;
			};
			name = Release;
		};
/* End XCBuildConfiguration section */

/* Begin XCConfigurationList section */
		32624DD12BD9978500A4A197 /* Build configuration list for PBXProject "Movies" */ = {
			isa = XCConfigurationList;
			buildConfigurations = (
				32624DFE2BD9978600A4A197 /* Debug */,
				32624DFF2BD9978600A4A197 /* Release */,
			);
			defaultConfigurationIsVisible = 0;
			defaultConfigurationName = Release;
		};
		32624E002BD9978600A4A197 /* Build configuration list for PBXNativeTarget "Movies" */ = {
			isa = XCConfigurationList;
			buildConfigurations = (
				32624E012BD9978600A4A197 /* Debug */,
				32624E022BD9978600A4A197 /* Release */,
			);
			defaultConfigurationIsVisible = 0;
			defaultConfigurationName = Release;
		};
		32624E032BD9978600A4A197 /* Build configuration list for PBXNativeTarget "MoviesTests" */ = {
			isa = XCConfigurationList;
			buildConfigurations = (
				32624E042BD9978600A4A197 /* Debug */,
				32624E052BD9978600A4A197 /* Release */,
			);
			defaultConfigurationIsVisible = 0;
			defaultConfigurationName = Release;
		};
		32624E062BD9978600A4A197 /* Build configuration list for PBXNativeTarget "MoviesUITests" */ = {
			isa = XCConfigurationList;
			buildConfigurations = (
				32624E072BD9978600A4A197 /* Debug */,
				32624E082BD9978600A4A197 /* Release */,
			);
			defaultConfigurationIsVisible = 0;
			defaultConfigurationName = Release;
		};
/* End XCConfigurationList section */
	};
	rootObject = 32624DCE2BD9978500A4A197 /* Project object */;
}
